// !$*UTF8*$!
{
	archiveVersion = 1;
	classes = {
	};
	objectVersion = 77;
	objects = {

/* Begin PBXBuildFile section */
		0334692C484176CADC0361A5 /* CoderIDEMCPServer.framework in Frameworks */ = {isa = PBXBuildFile; fileRef = B9AECE97BD011FAF88D8EA9B /* CoderIDEMCPServer.framework */; };
		0DAAA40977EE43D367A143A2 /* Assets.xcassets in Resources */ = {isa = PBXBuildFile; fileRef = 9CF7B024E63900B08E2FAA60 /* Assets.xcassets */; };
		15F16E2A6A9A7E60B9F2F89E /* Cocoa.framework in Frameworks */ = {isa = PBXBuildFile; fileRef = 1EE2AF91D1269EDAB6963916 /* Cocoa.framework */; };
		16394F082C03F98F425DCCFD /* CoderIDEMCPServer.framework in Embed Frameworks */ = {isa = PBXBuildFile; fileRef = B9AECE97BD011FAF88D8EA9B /* CoderIDEMCPServer.framework */; settings = {ATTRIBUTES = (CodeSignOnCopy, RemoveHeadersOnCopy, ); }; };
		294BB657E722ECC97F514DAC /* CoderEngine.framework in Embed Frameworks */ = {isa = PBXBuildFile; fileRef = 1347B89701EF84A226A41FDF /* CoderEngine.framework */; settings = {ATTRIBUTES = (CodeSignOnCopy, RemoveHeadersOnCopy, ); }; };
		2FC993822729507697FECAF4 /* CoderEngine.framework in Embed Frameworks */ = {isa = PBXBuildFile; fileRef = 1347B89701EF84A226A41FDF /* CoderEngine.framework */; settings = {ATTRIBUTES = (CodeSignOnCopy, RemoveHeadersOnCopy, ); }; };
		3FEF12EA9B5FCA5011C3F0DB /* CoderEngine.framework in Frameworks */ = {isa = PBXBuildFile; fileRef = 1347B89701EF84A226A41FDF /* CoderEngine.framework */; };
		417BF4EB0EB5F1ABBAE3D319 /* Cocoa.framework in Frameworks */ = {isa = PBXBuildFile; fileRef = 1EE2AF91D1269EDAB6963916 /* Cocoa.framework */; };
		4A7068DE78BFA2508E2E4160 /* Cocoa.framework in Frameworks */ = {isa = PBXBuildFile; fileRef = 1EE2AF91D1269EDAB6963916 /* Cocoa.framework */; };
		4C919E50C93C5B26775E7F28 /* Fonts in Resources */ = {isa = PBXBuildFile; fileRef = 1D373E9120DC259F9CF5FFA4 /* Fonts */; };
		59B23FC3C5A9235EBC4EA1FB /* Logging in Frameworks */ = {isa = PBXBuildFile; productRef = 04D8506A2D04E3DBA93CE8D5 /* Logging */; };
		69A80EB5860D5F638187207D /* CoderIDEMCPServer.framework in Embed Frameworks */ = {isa = PBXBuildFile; fileRef = B9AECE97BD011FAF88D8EA9B /* CoderIDEMCPServer.framework */; settings = {ATTRIBUTES = (CodeSignOnCopy, RemoveHeadersOnCopy, ); }; };
		75BEC830ADBB47D89F445242 /* Cocoa.framework in Frameworks */ = {isa = PBXBuildFile; fileRef = 1EE2AF91D1269EDAB6963916 /* Cocoa.framework */; };
		93649C3437703A8C77C9FA26 /* CoderEngine.framework in Frameworks */ = {isa = PBXBuildFile; fileRef = 1347B89701EF84A226A41FDF /* CoderEngine.framework */; };
		93F0793FEBCED52EB0634420 /* CoderIDEMCPServer.framework in Frameworks */ = {isa = PBXBuildFile; fileRef = B9AECE97BD011FAF88D8EA9B /* CoderIDEMCPServer.framework */; };
		9AD112813DC3CA88A133EDEF /* Cocoa.framework in Frameworks */ = {isa = PBXBuildFile; fileRef = 1EE2AF91D1269EDAB6963916 /* Cocoa.framework */; };
		A4153D8EEB56CA875F87C85A /* CoderEngine.framework in Frameworks */ = {isa = PBXBuildFile; fileRef = 1347B89701EF84A226A41FDF /* CoderEngine.framework */; };
		BEE3B7C8F2E4C26F144A2221 /* MCP in Frameworks */ = {isa = PBXBuildFile; productRef = 64554696CD6DC6500BB5AD9E /* MCP */; };
		C98A2C64E2718174A78A3DCF /* CoderEngine.framework in Frameworks */ = {isa = PBXBuildFile; fileRef = 1347B89701EF84A226A41FDF /* CoderEngine.framework */; };
		CD45ADDD9C43C26F5F09F793 /* MCP in Frameworks */ = {isa = PBXBuildFile; productRef = 6B96872E0F1EDFDA52105396 /* MCP */; };
		D08BCBC72D172C0BE7DD982F /* SwiftTerm in Frameworks */ = {isa = PBXBuildFile; productRef = 8A5064AA47230D088C3836E8 /* SwiftTerm */; };
		D6F7DE3407DF51BA11B66722 /* MCP in Frameworks */ = {isa = PBXBuildFile; productRef = 5466A1DE6ECFE4B6FAC6CF16 /* MCP */; };
		D9D214869D4742481F79458B /* CoderIDEMCPServerExecutable in Embed Helper */ = {isa = PBXBuildFile; fileRef = D641206288BC585BAEBE19D5 /* CoderIDEMCPServerExecutable */; };
		DFFC61F8E4456ACF56B6053F /* Cocoa.framework in Frameworks */ = {isa = PBXBuildFile; fileRef = 1EE2AF91D1269EDAB6963916 /* Cocoa.framework */; };
		E9A1E546C66355B4A2090C67 /* browser-bridge.js in Resources */ = {isa = PBXBuildFile; fileRef = 8F00380F02098672D2A02EF9 /* browser-bridge.js */; };
		EB4CB18FD50D9EA904DEE146 /* MCP in Frameworks */ = {isa = PBXBuildFile; productRef = 88D4D622E7ABB701B136EFF5 /* MCP */; };
		F259E41A71FAE76ED5D9C450 /* AppLogo.png in Resources */ = {isa = PBXBuildFile; fileRef = 0585770B3B3087FEBA47AB04 /* AppLogo.png */; };
		F2CE6EC39D1FD564EE1A0E08 /* SoloCode.icns in Resources */ = {isa = PBXBuildFile; fileRef = EFD0E50D121E8F84F154F05A /* SoloCode.icns */; };
		F8FE7DD3CED79FE7C344F832 /* monaco in Resources */ = {isa = PBXBuildFile; fileRef = 23DDB2E373D086A64B10DF62 /* monaco */; };
		FEC6D8444B40BC37F8775D86 /* Cocoa.framework in Frameworks */ = {isa = PBXBuildFile; fileRef = 1EE2AF91D1269EDAB6963916 /* Cocoa.framework */; };
/* End PBXBuildFile section */

/* Begin PBXContainerItemProxy section */
		4098476A4EE1C49A0D85FCFD /* PBXContainerItemProxy */ = {
			isa = PBXContainerItemProxy;
			containerPortal = 689B5E59D1FF71D289DA51BB /* Project object */;
			proxyType = 1;
			remoteGlobalIDString = 55EE155411832EABE05EE16E;
			remoteInfo = CoderEngine;
		};
		546F009B74A357E62A9FB620 /* PBXContainerItemProxy */ = {
			isa = PBXContainerItemProxy;
			containerPortal = 689B5E59D1FF71D289DA51BB /* Project object */;
			proxyType = 1;
			remoteGlobalIDString = 55EE155411832EABE05EE16E;
			remoteInfo = CoderEngine;
		};
		56AC47FDD532EB809ABADA4E /* PBXContainerItemProxy */ = {
			isa = PBXContainerItemProxy;
			containerPortal = 689B5E59D1FF71D289DA51BB /* Project object */;
			proxyType = 1;
			remoteGlobalIDString = 55EE155411832EABE05EE16E;
			remoteInfo = CoderEngine;
		};
		81D4AFC942BE80D77151A83B /* PBXContainerItemProxy */ = {
			isa = PBXContainerItemProxy;
			containerPortal = 689B5E59D1FF71D289DA51BB /* Project object */;
			proxyType = 1;
			remoteGlobalIDString = 55EE155411832EABE05EE16E;
			remoteInfo = CoderEngine;
		};
		84E39E42A5F757A162FF3D64 /* PBXContainerItemProxy */ = {
			isa = PBXContainerItemProxy;
			containerPortal = 689B5E59D1FF71D289DA51BB /* Project object */;
			proxyType = 1;
			remoteGlobalIDString = B35D5B9362186609978A1F2A;
			remoteInfo = CoderIDEMCPServerExecutable;
		};
		915EB095F44F31A31C49EA55 /* PBXContainerItemProxy */ = {
			isa = PBXContainerItemProxy;
			containerPortal = 689B5E59D1FF71D289DA51BB /* Project object */;
			proxyType = 1;
			remoteGlobalIDString = AF26E3A87625FF77925DBF93;
			remoteInfo = "Solo Code";
		};
		A7848FE69F19E4BADBF5629C /* PBXContainerItemProxy */ = {
			isa = PBXContainerItemProxy;
			containerPortal = 689B5E59D1FF71D289DA51BB /* Project object */;
			proxyType = 1;
			remoteGlobalIDString = D061CBA82DEB5C49EDD5994C;
			remoteInfo = CoderIDEMCPServer;
		};
		AD5A812A888D9CA15896B106 /* PBXContainerItemProxy */ = {
			isa = PBXContainerItemProxy;
			containerPortal = 689B5E59D1FF71D289DA51BB /* Project object */;
			proxyType = 1;
			remoteGlobalIDString = AF26E3A87625FF77925DBF93;
			remoteInfo = "Solo Code";
		};
		B18CA6571E93A39DA09CA897 /* PBXContainerItemProxy */ = {
			isa = PBXContainerItemProxy;
			containerPortal = 689B5E59D1FF71D289DA51BB /* Project object */;
			proxyType = 1;
			remoteGlobalIDString = D061CBA82DEB5C49EDD5994C;
			remoteInfo = CoderIDEMCPServer;
		};
		F4968B7A696C9F35A1874771 /* PBXContainerItemProxy */ = {
			isa = PBXContainerItemProxy;
			containerPortal = 689B5E59D1FF71D289DA51BB /* Project object */;
			proxyType = 1;
			remoteGlobalIDString = D061CBA82DEB5C49EDD5994C;
			remoteInfo = CoderIDEMCPServer;
		};
		F97020CCA3DEC1A1A3C08C37 /* PBXContainerItemProxy */ = {
			isa = PBXContainerItemProxy;
			containerPortal = 689B5E59D1FF71D289DA51BB /* Project object */;
			proxyType = 1;
			remoteGlobalIDString = 55EE155411832EABE05EE16E;
			remoteInfo = CoderEngine;
		};
/* End PBXContainerItemProxy section */

/* Begin PBXCopyFilesBuildPhase section */
		969C977FE59A787117E672DE /* Embed Frameworks */ = {
			isa = PBXCopyFilesBuildPhase;
			buildActionMask = 2147483647;
			dstPath = "";
			dstSubfolderSpec = 10;
			files = (
				2FC993822729507697FECAF4 /* CoderEngine.framework in Embed Frameworks */,
				69A80EB5860D5F638187207D /* CoderIDEMCPServer.framework in Embed Frameworks */,
			);
			name = "Embed Frameworks";
			runOnlyForDeploymentPostprocessing = 0;
		};
		9C5FF402DF86C453EEDF34BA /* Embed Helper */ = {
			isa = PBXCopyFilesBuildPhase;
			buildActionMask = 2147483647;
			dstPath = "";
			dstSubfolderSpec = 6;
			files = (
				D9D214869D4742481F79458B /* CoderIDEMCPServerExecutable in Embed Helper */,
			);
			name = "Embed Helper";
			runOnlyForDeploymentPostprocessing = 0;
		};
		CF3DF13427441C8A4D130AB5 /* Embed Frameworks */ = {
			isa = PBXCopyFilesBuildPhase;
			buildActionMask = 2147483647;
			dstPath = "";
			dstSubfolderSpec = 10;
			files = (
				294BB657E722ECC97F514DAC /* CoderEngine.framework in Embed Frameworks */,
				16394F082C03F98F425DCCFD /* CoderIDEMCPServer.framework in Embed Frameworks */,
			);
			name = "Embed Frameworks";
			runOnlyForDeploymentPostprocessing = 0;
		};
/* End PBXCopyFilesBuildPhase section */

/* Begin PBXFileReference section */
		0585770B3B3087FEBA47AB04 /* AppLogo.png */ = {isa = PBXFileReference; includeInIndex = 1; lastKnownFileType = image.png; name = AppLogo.png; path = App/SoloCodeApp/Resources/AppLogo.png; sourceTree = "<group>"; };
		0D952014889F351F918EF632 /* SoloCodeIntegrationTests.xctest */ = {isa = PBXFileReference; explicitFileType = wrapper.cfbundle; includeInIndex = 0; path = SoloCodeIntegrationTests.xctest; sourceTree = BUILT_PRODUCTS_DIR; };
		1347B89701EF84A226A41FDF /* CoderEngine.framework */ = {isa = PBXFileReference; explicitFileType = wrapper.framework; includeInIndex = 0; path = CoderEngine.framework; sourceTree = BUILT_PRODUCTS_DIR; };
		1D373E9120DC259F9CF5FFA4 /* Fonts */ = {isa = PBXFileReference; includeInIndex = 1; name = Fonts; path = App/SoloCodeApp/Resources/Fonts; sourceTree = "<group>"; };
		1E37356BA8FD3563912E0334 /* CoderEngineTests.xctest */ = {isa = PBXFileReference; explicitFileType = wrapper.cfbundle; includeInIndex = 0; path = CoderEngineTests.xctest; sourceTree = BUILT_PRODUCTS_DIR; };
		1EE2AF91D1269EDAB6963916 /* Cocoa.framework */ = {isa = PBXFileReference; lastKnownFileType = wrapper.framework; name = Cocoa.framework; path = Platforms/MacOSX.platform/Developer/SDKs/MacOSX15.0.sdk/System/Library/Frameworks/Cocoa.framework; sourceTree = DEVELOPER_DIR; };
		23DDB2E373D086A64B10DF62 /* monaco */ = {isa = PBXFileReference; includeInIndex = 1; name = monaco; path = App/SoloCodeApp/Resources/monaco; sourceTree = "<group>"; };
		5F660F7A9A19B4894C17A736 /* Tool.xcconfig */ = {isa = PBXFileReference; includeInIndex = 1; lastKnownFileType = text.xcconfig; name = Tool.xcconfig; path = Config/xcconfigs/Tool.xcconfig; sourceTree = "<group>"; };
		639B72827CDD0D5E494F7236 /* App.xcconfig */ = {isa = PBXFileReference; includeInIndex = 1; lastKnownFileType = text.xcconfig; name = App.xcconfig; path = Config/xcconfigs/App.xcconfig; sourceTree = "<group>"; };
		8F00380F02098672D2A02EF9 /* browser-bridge.js */ = {isa = PBXFileReference; includeInIndex = 1; name = "browser-bridge.js"; path = "App/SoloCodeApp/Resources/browser-bridge.js"; sourceTree = "<group>"; };
		9CF7B024E63900B08E2FAA60 /* Assets.xcassets */ = {isa = PBXFileReference; includeInIndex = 1; lastKnownFileType = folder.assetcatalog; name = Assets.xcassets; path = App/SoloCodeApp/Resources/Assets.xcassets; sourceTree = "<group>"; };
		B65354C3BA30FE21E6326558 /* Tests.xcconfig */ = {isa = PBXFileReference; includeInIndex = 1; lastKnownFileType = text.xcconfig; name = Tests.xcconfig; path = Config/xcconfigs/Tests.xcconfig; sourceTree = "<group>"; };
		B9AECE97BD011FAF88D8EA9B /* CoderIDEMCPServer.framework */ = {isa = PBXFileReference; explicitFileType = wrapper.framework; includeInIndex = 0; path = CoderIDEMCPServer.framework; sourceTree = BUILT_PRODUCTS_DIR; };
		D641206288BC585BAEBE19D5 /* CoderIDEMCPServerExecutable */ = {isa = PBXFileReference; includeInIndex = 0; path = CoderIDEMCPServerExecutable; sourceTree = BUILT_PRODUCTS_DIR; };
		E05C6823990AA9F6B78AF38C /* SoloCodeAppTests.xctest */ = {isa = PBXFileReference; explicitFileType = wrapper.cfbundle; includeInIndex = 0; path = SoloCodeAppTests.xctest; sourceTree = BUILT_PRODUCTS_DIR; };
		E93EF75CA26DB098C081C353 /* Framework.xcconfig */ = {isa = PBXFileReference; includeInIndex = 1; lastKnownFileType = text.xcconfig; name = Framework.xcconfig; path = Config/xcconfigs/Framework.xcconfig; sourceTree = "<group>"; };
		EFD0E50D121E8F84F154F05A /* SoloCode.icns */ = {isa = PBXFileReference; includeInIndex = 1; name = SoloCode.icns; path = App/SoloCodeApp/Resources/SoloCode.icns; sourceTree = "<group>"; };
		FB16ACD5460CAE2B486A38E6 /* Solo Code.app */ = {isa = PBXFileReference; explicitFileType = wrapper.application; includeInIndex = 0; path = "Solo Code.app"; sourceTree = BUILT_PRODUCTS_DIR; };
/* End PBXFileReference section */

/* Begin PBXFileSystemSynchronizedRootGroup section */
		422B2011428A8E9BD4F80580 /* Engine/CoderEngine/Sources */ = {
			isa = PBXFileSystemSynchronizedRootGroup;
			exceptions = (
			);
			path = Engine/CoderEngine/Sources;
			sourceTree = "<group>";
		};
		671BE051FDE1641D6A4D05FA /* Tests/SoloCodeIntegrationTests */ = {
			isa = PBXFileSystemSynchronizedRootGroup;
			exceptions = (
			);
			path = Tests/SoloCodeIntegrationTests;
			sourceTree = "<group>";
		};
		7B51DF6CFAFAB87892B31981 /* Tests/CoderEngineTests */ = {
			isa = PBXFileSystemSynchronizedRootGroup;
			exceptions = (
			);
			path = Tests/CoderEngineTests;
			sourceTree = "<group>";
		};
		BAD8DDD3A939E39EEFBB3CAB /* Tools/CoderIDEMCPServerExecutable/Sources */ = {
			isa = PBXFileSystemSynchronizedRootGroup;
			exceptions = (
			);
			path = Tools/CoderIDEMCPServerExecutable/Sources;
			sourceTree = "<group>";
		};
		C84082BE65955CD4DB795E15 /* Tools/CoderIDEMCPServer/Sources */ = {
			isa = PBXFileSystemSynchronizedRootGroup;
			exceptions = (
			);
			path = Tools/CoderIDEMCPServer/Sources;
			sourceTree = "<group>";
		};
		F51D301ED26BA717013208C6 /* App/SoloCodeApp/Sources */ = {
			isa = PBXFileSystemSynchronizedRootGroup;
			exceptions = (
			);
			path = App/SoloCodeApp/Sources;
			sourceTree = "<group>";
		};
		F85E57CE11500794995A8279 /* Tests/SoloCodeAppTests */ = {
			isa = PBXFileSystemSynchronizedRootGroup;
			exceptions = (
			);
			path = Tests/SoloCodeAppTests;
			sourceTree = "<group>";
		};
/* End PBXFileSystemSynchronizedRootGroup section */

/* Begin PBXFrameworksBuildPhase section */
		01043439E85ED5D24FE3A7A0 /* Frameworks */ = {
			isa = PBXFrameworksBuildPhase;
			buildActionMask = 2147483647;
			files = (
				75BEC830ADBB47D89F445242 /* Cocoa.framework in Frameworks */,
				CD45ADDD9C43C26F5F09F793 /* MCP in Frameworks */,
				C98A2C64E2718174A78A3DCF /* CoderEngine.framework in Frameworks */,
				0334692C484176CADC0361A5 /* CoderIDEMCPServer.framework in Frameworks */,
			);
			runOnlyForDeploymentPostprocessing = 0;
		};
		4D122E1A9AB3A04658B08974 /* Frameworks */ = {
			isa = PBXFrameworksBuildPhase;
			buildActionMask = 2147483647;
			files = (
				4A7068DE78BFA2508E2E4160 /* Cocoa.framework in Frameworks */,
				D08BCBC72D172C0BE7DD982F /* SwiftTerm in Frameworks */,
				A4153D8EEB56CA875F87C85A /* CoderEngine.framework in Frameworks */,
			);
			runOnlyForDeploymentPostprocessing = 0;
		};
		5E6BD59062D02AC42256B6A2 /* Frameworks */ = {
			isa = PBXFrameworksBuildPhase;
			buildActionMask = 2147483647;
			files = (
				15F16E2A6A9A7E60B9F2F89E /* Cocoa.framework in Frameworks */,
			);
			runOnlyForDeploymentPostprocessing = 0;
		};
		74851C23D1E9D2AF88B33535 /* Frameworks */ = {
			isa = PBXFrameworksBuildPhase;
			buildActionMask = 2147483647;
			files = (
				DFFC61F8E4456ACF56B6053F /* Cocoa.framework in Frameworks */,
				EB4CB18FD50D9EA904DEE146 /* MCP in Frameworks */,
				59B23FC3C5A9235EBC4EA1FB /* Logging in Frameworks */,
			);
			runOnlyForDeploymentPostprocessing = 0;
		};
		9594E7554DA835F635D05AF9 /* Frameworks */ = {
			isa = PBXFrameworksBuildPhase;
			buildActionMask = 2147483647;
			files = (
				9AD112813DC3CA88A133EDEF /* Cocoa.framework in Frameworks */,
				D6F7DE3407DF51BA11B66722 /* MCP in Frameworks */,
				3FEF12EA9B5FCA5011C3F0DB /* CoderEngine.framework in Frameworks */,
				93F0793FEBCED52EB0634420 /* CoderIDEMCPServer.framework in Frameworks */,
			);
			runOnlyForDeploymentPostprocessing = 0;
		};
		A19FC43B26138C77E3102BC3 /* Frameworks */ = {
			isa = PBXFrameworksBuildPhase;
			buildActionMask = 2147483647;
			files = (
				FEC6D8444B40BC37F8775D86 /* Cocoa.framework in Frameworks */,
				BEE3B7C8F2E4C26F144A2221 /* MCP in Frameworks */,
				93649C3437703A8C77C9FA26 /* CoderEngine.framework in Frameworks */,
			);
			runOnlyForDeploymentPostprocessing = 0;
		};
		F00D4999F13631CB57F51022 /* Frameworks */ = {
			isa = PBXFrameworksBuildPhase;
			buildActionMask = 2147483647;
			files = (
				417BF4EB0EB5F1ABBAE3D319 /* Cocoa.framework in Frameworks */,
			);
			runOnlyForDeploymentPostprocessing = 0;
		};
/* End PBXFrameworksBuildPhase section */

/* Begin PBXGroup section */
		109BA4B4E3CE7EC8C42E987F /* Scripts */ = {
			isa = PBXGroup;
			children = (
			);
			name = Scripts;
			sourceTree = "<group>";
		};
		1747180617E10D2956FFC981 /* OS X */ = {
			isa = PBXGroup;
			children = (
				1EE2AF91D1269EDAB6963916 /* Cocoa.framework */,
			);
			name = "OS X";
			sourceTree = "<group>";
		};
		47C37A3383CC61B603F13CD1 /* Frameworks */ = {
			isa = PBXGroup;
			children = (
				1747180617E10D2956FFC981 /* OS X */,
			);
			name = Frameworks;
			sourceTree = "<group>";
		};
		5A2CD69E8FEE51A2A7ABF8F7 /* App */ = {
			isa = PBXGroup;
			children = (
				F51D301ED26BA717013208C6 /* App/SoloCodeApp/Sources */,
				9CF7B024E63900B08E2FAA60 /* Assets.xcassets */,
				0585770B3B3087FEBA47AB04 /* AppLogo.png */,
				EFD0E50D121E8F84F154F05A /* SoloCode.icns */,
				8F00380F02098672D2A02EF9 /* browser-bridge.js */,
				1D373E9120DC259F9CF5FFA4 /* Fonts */,
				23DDB2E373D086A64B10DF62 /* monaco */,
			);
			name = App;
			sourceTree = "<group>";
		};
		62A1D4E713D4050A72D0E28C = {
			isa = PBXGroup;
			children = (
				FF71EEFE88389A4B730B6F04 /* Products */,
				47C37A3383CC61B603F13CD1 /* Frameworks */,
				5A2CD69E8FEE51A2A7ABF8F7 /* App */,
				A2B057DD6F85552552488360 /* Engine */,
				853028FDDA987FB7E16F06E9 /* Tools */,
				A016473D76E74F9CB257DF5C /* Tests */,
				B0A782DD7B619C110B26C48B /* Config */,
				109BA4B4E3CE7EC8C42E987F /* Scripts */,
				639B72827CDD0D5E494F7236 /* App.xcconfig */,
				E93EF75CA26DB098C081C353 /* Framework.xcconfig */,
				5F660F7A9A19B4894C17A736 /* Tool.xcconfig */,
				B65354C3BA30FE21E6326558 /* Tests.xcconfig */,
			);
			sourceTree = "<group>";
		};
		853028FDDA987FB7E16F06E9 /* Tools */ = {
			isa = PBXGroup;
			children = (
				C84082BE65955CD4DB795E15 /* Tools/CoderIDEMCPServer/Sources */,
				BAD8DDD3A939E39EEFBB3CAB /* Tools/CoderIDEMCPServerExecutable/Sources */,
			);
			name = Tools;
			sourceTree = "<group>";
		};
		A016473D76E74F9CB257DF5C /* Tests */ = {
			isa = PBXGroup;
			children = (
				F85E57CE11500794995A8279 /* Tests/SoloCodeAppTests */,
				7B51DF6CFAFAB87892B31981 /* Tests/CoderEngineTests */,
				671BE051FDE1641D6A4D05FA /* Tests/SoloCodeIntegrationTests */,
			);
			name = Tests;
			sourceTree = "<group>";
		};
		A2B057DD6F85552552488360 /* Engine */ = {
			isa = PBXGroup;
			children = (
				422B2011428A8E9BD4F80580 /* Engine/CoderEngine/Sources */,
			);
			name = Engine;
			sourceTree = "<group>";
		};
		B0A782DD7B619C110B26C48B /* Config */ = {
			isa = PBXGroup;
			children = (
			);
			name = Config;
			sourceTree = "<group>";
		};
		FF71EEFE88389A4B730B6F04 /* Products */ = {
			isa = PBXGroup;
			children = (
				FB16ACD5460CAE2B486A38E6 /* Solo Code.app */,
				1347B89701EF84A226A41FDF /* CoderEngine.framework */,
				B9AECE97BD011FAF88D8EA9B /* CoderIDEMCPServer.framework */,
				D641206288BC585BAEBE19D5 /* CoderIDEMCPServerExecutable */,
				E05C6823990AA9F6B78AF38C /* SoloCodeAppTests.xctest */,
				1E37356BA8FD3563912E0334 /* CoderEngineTests.xctest */,
				0D952014889F351F918EF632 /* SoloCodeIntegrationTests.xctest */,
			);
			name = Products;
			sourceTree = "<group>";
		};
/* End PBXGroup section */

/* Begin PBXHeadersBuildPhase section */
		163222B35B0662D2E1B8C17A /* Headers */ = {
			isa = PBXHeadersBuildPhase;
			buildActionMask = 2147483647;
			files = (
			);
			runOnlyForDeploymentPostprocessing = 0;
		};
		D9D9B196FD912FF0419D7E85 /* Headers */ = {
			isa = PBXHeadersBuildPhase;
			buildActionMask = 2147483647;
			files = (
			);
			runOnlyForDeploymentPostprocessing = 0;
		};
/* End PBXHeadersBuildPhase section */

/* Begin PBXNativeTarget section */
		0AF291728365782309EE8892 /* CoderEngineTests */ = {
			isa = PBXNativeTarget;
			buildConfigurationList = EFABE923F3AF33F00091511B /* Build configuration list for PBXNativeTarget "CoderEngineTests" */;
			buildPhases = (
				9A08D8D397118D61BCA2C1B8 /* Sources */,
				9594E7554DA835F635D05AF9 /* Frameworks */,
				93AF8ED9AA5A1F25BDA4B894 /* Resources */,
				CF3DF13427441C8A4D130AB5 /* Embed Frameworks */,
			);
			buildRules = (
			);
			dependencies = (
				C07FFD1105C1AD8C6848454A /* PBXTargetDependency */,
				A223BF5BD21F5D992BEB53B7 /* PBXTargetDependency */,
			);
			fileSystemSynchronizedGroups = (
				7B51DF6CFAFAB87892B31981 /* Tests/CoderEngineTests */,
			);
			name = CoderEngineTests;
			packageProductDependencies = (
				5466A1DE6ECFE4B6FAC6CF16 /* MCP */,
			);
			productName = CoderEngineTests;
			productReference = 1E37356BA8FD3563912E0334 /* CoderEngineTests.xctest */;
			productType = "com.apple.product-type.bundle.unit-test";
		};
		36577AA11656471F6C4E334A /* SoloCodeIntegrationTests */ = {
			isa = PBXNativeTarget;
			buildConfigurationList = C8A5E055FFC149687F7DD152 /* Build configuration list for PBXNativeTarget "SoloCodeIntegrationTests" */;
			buildPhases = (
				63476F4A721AAB7136752E65 /* Sources */,
				5E6BD59062D02AC42256B6A2 /* Frameworks */,
				42820663BF16521AD21558DD /* Resources */,
			);
			buildRules = (
			);
			dependencies = (
				2C61FEEE868C0B0C59D756CE /* PBXTargetDependency */,
				B6FE99DFF5E3B9061DAFBACC /* PBXTargetDependency */,
			);
			fileSystemSynchronizedGroups = (
				671BE051FDE1641D6A4D05FA /* Tests/SoloCodeIntegrationTests */,
			);
			name = SoloCodeIntegrationTests;
			productName = SoloCodeIntegrationTests;
			productReference = 0D952014889F351F918EF632 /* SoloCodeIntegrationTests.xctest */;
			productType = "com.apple.product-type.bundle.unit-test";
		};
		55EE155411832EABE05EE16E /* CoderEngine */ = {
			isa = PBXNativeTarget;
			buildConfigurationList = D54CB7956FCF726B574E79E2 /* Build configuration list for PBXNativeTarget "CoderEngine" */;
			buildPhases = (
				D9D9B196FD912FF0419D7E85 /* Headers */,
				4D10303066223DFD0C5E4A62 /* Sources */,
				74851C23D1E9D2AF88B33535 /* Frameworks */,
				E5CC7D12EFA48571835E1202 /* Resources */,
			);
			buildRules = (
			);
			dependencies = (
			);
			fileSystemSynchronizedGroups = (
				422B2011428A8E9BD4F80580 /* Engine/CoderEngine/Sources */,
			);
			name = CoderEngine;
			packageProductDependencies = (
				88D4D622E7ABB701B136EFF5 /* MCP */,
				04D8506A2D04E3DBA93CE8D5 /* Logging */,
			);
			productName = CoderEngine;
			productReference = 1347B89701EF84A226A41FDF /* CoderEngine.framework */;
			productType = "com.apple.product-type.framework";
		};
		7CCC0314A5035256300684CC /* SoloCodeAppTests */ = {
			isa = PBXNativeTarget;
			buildConfigurationList = 469A6365E8CE766E136A0348 /* Build configuration list for PBXNativeTarget "SoloCodeAppTests" */;
			buildPhases = (
				39AF8FC16FFAA7392B51E3D5 /* Sources */,
				F00D4999F13631CB57F51022 /* Frameworks */,
				50BE88D548F8173224B0DCD9 /* Resources */,
			);
			buildRules = (
			);
			dependencies = (
				C843DA44E752B2EA029F474E /* PBXTargetDependency */,
			);
			fileSystemSynchronizedGroups = (
				F85E57CE11500794995A8279 /* Tests/SoloCodeAppTests */,
			);
			name = SoloCodeAppTests;
			productName = SoloCodeAppTests;
			productReference = E05C6823990AA9F6B78AF38C /* SoloCodeAppTests.xctest */;
			productType = "com.apple.product-type.bundle.unit-test";
		};
		AF26E3A87625FF77925DBF93 /* Solo Code */ = {
			isa = PBXNativeTarget;
			buildConfigurationList = 900D603A8F4E892DEA129657 /* Build configuration list for PBXNativeTarget "Solo Code" */;
			buildPhases = (
				8744F19F1E078E8073EACBE4 /* Sources */,
				4D122E1A9AB3A04658B08974 /* Frameworks */,
				FB8CD0766E9160CACC1AB0EA /* Resources */,
				969C977FE59A787117E672DE /* Embed Frameworks */,
				848DD7B553C4B6867E8BDE97 /* Build Rust Review Core */,
				9C5FF402DF86C453EEDF34BA /* Embed Helper */,
				1134599FF553C31B8818E894 /* Strip xattr before codesign */,
			);
			buildRules = (
			);
			dependencies = (
				5886278F6E58EF9BF43156CC /* PBXTargetDependency */,
				D7A93E40E7480602B44DF21C /* PBXTargetDependency */,
				C761242F2AAABFB9D22868F3 /* PBXTargetDependency */,
			);
			fileSystemSynchronizedGroups = (
				F51D301ED26BA717013208C6 /* App/SoloCodeApp/Sources */,
			);
			name = "Solo Code";
			packageProductDependencies = (
				8A5064AA47230D088C3836E8 /* SwiftTerm */,
			);
			productName = "Solo Code";
			productReference = FB16ACD5460CAE2B486A38E6 /* Solo Code.app */;
			productType = "com.apple.product-type.application";
		};
		B35D5B9362186609978A1F2A /* CoderIDEMCPServerExecutable */ = {
			isa = PBXNativeTarget;
			buildConfigurationList = 53FF519E0E31741F039F9E5D /* Build configuration list for PBXNativeTarget "CoderIDEMCPServerExecutable" */;
			buildPhases = (
				B59262FC970A127471916B40 /* Sources */,
				01043439E85ED5D24FE3A7A0 /* Frameworks */,
			);
			buildRules = (
			);
			dependencies = (
				60DDF52FC04644A6E82DF9C8 /* PBXTargetDependency */,
				C215A1F26727E0616E9234CD /* PBXTargetDependency */,
			);
			fileSystemSynchronizedGroups = (
				C84082BE65955CD4DB795E15 /* Tools/CoderIDEMCPServer/Sources */,
				BAD8DDD3A939E39EEFBB3CAB /* Tools/CoderIDEMCPServerExecutable/Sources */,
			);
			name = CoderIDEMCPServerExecutable;
			packageProductDependencies = (
				6B96872E0F1EDFDA52105396 /* MCP */,
			);
			productName = CoderIDEMCPServerExecutable;
			productReference = D641206288BC585BAEBE19D5 /* CoderIDEMCPServerExecutable */;
			productType = "com.apple.product-type.tool";
		};
		D061CBA82DEB5C49EDD5994C /* CoderIDEMCPServer */ = {
			isa = PBXNativeTarget;
			buildConfigurationList = D3C08571AF210D87B97B40E0 /* Build configuration list for PBXNativeTarget "CoderIDEMCPServer" */;
			buildPhases = (
				163222B35B0662D2E1B8C17A /* Headers */,
				141358DD1CE66FDB24C024B0 /* Sources */,
				A19FC43B26138C77E3102BC3 /* Frameworks */,
				BCFB962B9E8BFD66DEABD9BB /* Resources */,
			);
			buildRules = (
			);
			dependencies = (
				3F3BDB8FB3B2AD8C33199168 /* PBXTargetDependency */,
			);
			fileSystemSynchronizedGroups = (
				C84082BE65955CD4DB795E15 /* Tools/CoderIDEMCPServer/Sources */,
			);
			name = CoderIDEMCPServer;
			packageProductDependencies = (
				64554696CD6DC6500BB5AD9E /* MCP */,
			);
			productName = CoderIDEMCPServer;
			productReference = B9AECE97BD011FAF88D8EA9B /* CoderIDEMCPServer.framework */;
			productType = "com.apple.product-type.framework";
		};
/* End PBXNativeTarget section */

/* Begin PBXProject section */
		689B5E59D1FF71D289DA51BB /* Project object */ = {
			isa = PBXProject;
			attributes = {
				LastSwiftUpdateCheck = 1600;
				LastUpgradeCheck = 1600;
			};
			buildConfigurationList = 786EFFDB9A7AA4BFB549825F /* Build configuration list for PBXProject "Solo Code" */;
			compatibilityVersion = "Xcode 3.2";
			developmentRegion = en;
			hasScannedForEncodings = 0;
			knownRegions = (
				en,
				Base,
			);
			mainGroup = 62A1D4E713D4050A72D0E28C;
			minimizedProjectReferenceProxies = 0;
			packageReferences = (
				BA4BA653C64054C5EE25DA03 /* XCRemoteSwiftPackageReference "SwiftTerm" */,
				1F3C767BE4CB189CF6DF6BF3 /* XCLocalSwiftPackageReference "mcp-swift-sdk" */,
				765C971BC9BFE5AD33115893 /* XCRemoteSwiftPackageReference "swift-log" */,
			);
			preferredProjectObjectVersion = 77;
			productRefGroup = FF71EEFE88389A4B730B6F04 /* Products */;
			projectDirPath = "";
			projectRoot = "";
			targets = (
				AF26E3A87625FF77925DBF93 /* Solo Code */,
				55EE155411832EABE05EE16E /* CoderEngine */,
				D061CBA82DEB5C49EDD5994C /* CoderIDEMCPServer */,
				B35D5B9362186609978A1F2A /* CoderIDEMCPServerExecutable */,
				7CCC0314A5035256300684CC /* SoloCodeAppTests */,
				0AF291728365782309EE8892 /* CoderEngineTests */,
				36577AA11656471F6C4E334A /* SoloCodeIntegrationTests */,
			);
		};
/* End PBXProject section */

/* Begin PBXResourcesBuildPhase section */
		42820663BF16521AD21558DD /* Resources */ = {
			isa = PBXResourcesBuildPhase;
			buildActionMask = 2147483647;
			files = (
			);
			runOnlyForDeploymentPostprocessing = 0;
		};
		50BE88D548F8173224B0DCD9 /* Resources */ = {
			isa = PBXResourcesBuildPhase;
			buildActionMask = 2147483647;
			files = (
			);
			runOnlyForDeploymentPostprocessing = 0;
		};
		93AF8ED9AA5A1F25BDA4B894 /* Resources */ = {
			isa = PBXResourcesBuildPhase;
			buildActionMask = 2147483647;
			files = (
			);
			runOnlyForDeploymentPostprocessing = 0;
		};
		BCFB962B9E8BFD66DEABD9BB /* Resources */ = {
			isa = PBXResourcesBuildPhase;
			buildActionMask = 2147483647;
			files = (
			);
			runOnlyForDeploymentPostprocessing = 0;
		};
		E5CC7D12EFA48571835E1202 /* Resources */ = {
			isa = PBXResourcesBuildPhase;
			buildActionMask = 2147483647;
			files = (
			);
			runOnlyForDeploymentPostprocessing = 0;
		};
		FB8CD0766E9160CACC1AB0EA /* Resources */ = {
			isa = PBXResourcesBuildPhase;
			buildActionMask = 2147483647;
			files = (
				0DAAA40977EE43D367A143A2 /* Assets.xcassets in Resources */,
				F259E41A71FAE76ED5D9C450 /* AppLogo.png in Resources */,
				F2CE6EC39D1FD564EE1A0E08 /* SoloCode.icns in Resources */,
				E9A1E546C66355B4A2090C67 /* browser-bridge.js in Resources */,
				4C919E50C93C5B26775E7F28 /* Fonts in Resources */,
				F8FE7DD3CED79FE7C344F832 /* monaco in Resources */,
			);
			runOnlyForDeploymentPostprocessing = 0;
		};
/* End PBXResourcesBuildPhase section */

/* Begin PBXShellScriptBuildPhase section */
		1134599FF553C31B8818E894 /* Strip xattr before codesign */ = {
			isa = PBXShellScriptBuildPhase;
			alwaysOutOfDate = 1;
			buildActionMask = 2147483647;
			files = (
			);
			inputFileListPaths = (
			);
			inputPaths = (
			);
			name = "Strip xattr before codesign";
			outputFileListPaths = (
			);
			outputPaths = (
			);
			runOnlyForDeploymentPostprocessing = 0;
			shellPath = /bin/sh;
			shellScript = "# Strip com.apple.provenance and resource forks from the app bundle\n# that would cause codesign to fail.\nxattr -cr \"${TARGET_BUILD_DIR}/${WRAPPER_NAME}\" 2>/dev/null || true\n";
			showEnvVarsInLog = 0;
		};
		848DD7B553C4B6867E8BDE97 /* Build Rust Review Core */ = {
			isa = PBXShellScriptBuildPhase;
			alwaysOutOfDate = 1;
			buildActionMask = 2147483647;
			files = (
			);
			inputFileListPaths = (
			);
			inputPaths = (
			);
			name = "Build Rust Review Core";
			outputFileListPaths = (
			);
			outputPaths = (
			);
			runOnlyForDeploymentPostprocessing = 0;
			shellPath = /bin/sh;
			shellScript = "if [ -n \"$SRCROOT\" ] && [ -f \"$SRCROOT/scripts/build_rust_search_backend.sh\" ]; then\n  CONFIGURATION=\"${CONFIGURATION}\"   SOLOCODE_RUST_REVIEW_CORE_BUNDLE_DIR=\"${TARGET_BUILD_DIR}/${WRAPPER_NAME}/Contents/MacOS/solocode_rust\"     \"$SRCROOT/scripts/build_rust_search_backend.sh\"\nfi\n";
			showEnvVarsInLog = 0;
		};
/* End PBXShellScriptBuildPhase section */

/* Begin PBXSourcesBuildPhase section */
		141358DD1CE66FDB24C024B0 /* Sources */ = {
			isa = PBXSourcesBuildPhase;
			buildActionMask = 2147483647;
			files = (
			);
			runOnlyForDeploymentPostprocessing = 0;
		};
		39AF8FC16FFAA7392B51E3D5 /* Sources */ = {
			isa = PBXSourcesBuildPhase;
			buildActionMask = 2147483647;
			files = (
			);
			runOnlyForDeploymentPostprocessing = 0;
		};
		4D10303066223DFD0C5E4A62 /* Sources */ = {
			isa = PBXSourcesBuildPhase;
			buildActionMask = 2147483647;
			files = (
			);
			runOnlyForDeploymentPostprocessing = 0;
		};
		63476F4A721AAB7136752E65 /* Sources */ = {
			isa = PBXSourcesBuildPhase;
			buildActionMask = 2147483647;
			files = (
			);
			runOnlyForDeploymentPostprocessing = 0;
		};
		8744F19F1E078E8073EACBE4 /* Sources */ = {
			isa = PBXSourcesBuildPhase;
			buildActionMask = 2147483647;
			files = (
			);
			runOnlyForDeploymentPostprocessing = 0;
		};
		9A08D8D397118D61BCA2C1B8 /* Sources */ = {
			isa = PBXSourcesBuildPhase;
			buildActionMask = 2147483647;
			files = (
			);
			runOnlyForDeploymentPostprocessing = 0;
		};
		B59262FC970A127471916B40 /* Sources */ = {
			isa = PBXSourcesBuildPhase;
			buildActionMask = 2147483647;
			files = (
			);
			runOnlyForDeploymentPostprocessing = 0;
		};
/* End PBXSourcesBuildPhase section */

/* Begin PBXTargetDependency section */
		2C61FEEE868C0B0C59D756CE /* PBXTargetDependency */ = {
			isa = PBXTargetDependency;
			name = "Solo Code";
			target = AF26E3A87625FF77925DBF93 /* Solo Code */;
			targetProxy = AD5A812A888D9CA15896B106 /* PBXContainerItemProxy */;
		};
		3F3BDB8FB3B2AD8C33199168 /* PBXTargetDependency */ = {
			isa = PBXTargetDependency;
			name = CoderEngine;
			target = 55EE155411832EABE05EE16E /* CoderEngine */;
			targetProxy = 4098476A4EE1C49A0D85FCFD /* PBXContainerItemProxy */;
		};
		5886278F6E58EF9BF43156CC /* PBXTargetDependency */ = {
			isa = PBXTargetDependency;
			name = CoderEngine;
			target = 55EE155411832EABE05EE16E /* CoderEngine */;
			targetProxy = F97020CCA3DEC1A1A3C08C37 /* PBXContainerItemProxy */;
		};
		60DDF52FC04644A6E82DF9C8 /* PBXTargetDependency */ = {
			isa = PBXTargetDependency;
			name = CoderEngine;
			target = 55EE155411832EABE05EE16E /* CoderEngine */;
			targetProxy = 56AC47FDD532EB809ABADA4E /* PBXContainerItemProxy */;
		};
		A223BF5BD21F5D992BEB53B7 /* PBXTargetDependency */ = {
			isa = PBXTargetDependency;
			name = CoderIDEMCPServer;
			target = D061CBA82DEB5C49EDD5994C /* CoderIDEMCPServer */;
			targetProxy = F4968B7A696C9F35A1874771 /* PBXContainerItemProxy */;
		};
		B6FE99DFF5E3B9061DAFBACC /* PBXTargetDependency */ = {
			isa = PBXTargetDependency;
			name = CoderEngine;
			target = 55EE155411832EABE05EE16E /* CoderEngine */;
			targetProxy = 546F009B74A357E62A9FB620 /* PBXContainerItemProxy */;
		};
		C07FFD1105C1AD8C6848454A /* PBXTargetDependency */ = {
			isa = PBXTargetDependency;
			name = CoderEngine;
			target = 55EE155411832EABE05EE16E /* CoderEngine */;
			targetProxy = 81D4AFC942BE80D77151A83B /* PBXContainerItemProxy */;
		};
		C215A1F26727E0616E9234CD /* PBXTargetDependency */ = {
			isa = PBXTargetDependency;
			name = CoderIDEMCPServer;
			target = D061CBA82DEB5C49EDD5994C /* CoderIDEMCPServer */;
			targetProxy = A7848FE69F19E4BADBF5629C /* PBXContainerItemProxy */;
		};
		C761242F2AAABFB9D22868F3 /* PBXTargetDependency */ = {
			isa = PBXTargetDependency;
			name = CoderIDEMCPServerExecutable;
			target = B35D5B9362186609978A1F2A /* CoderIDEMCPServerExecutable */;
			targetProxy = 84E39E42A5F757A162FF3D64 /* PBXContainerItemProxy */;
		};
		C843DA44E752B2EA029F474E /* PBXTargetDependency */ = {
			isa = PBXTargetDependency;
			name = "Solo Code";
			target = AF26E3A87625FF77925DBF93 /* Solo Code */;
			targetProxy = 915EB095F44F31A31C49EA55 /* PBXContainerItemProxy */;
		};
		D7A93E40E7480602B44DF21C /* PBXTargetDependency */ = {
			isa = PBXTargetDependency;
			name = CoderIDEMCPServer;
			target = D061CBA82DEB5C49EDD5994C /* CoderIDEMCPServer */;
			targetProxy = B18CA6571E93A39DA09CA897 /* PBXContainerItemProxy */;
		};
/* End PBXTargetDependency section */

/* Begin XCBuildConfiguration section */
		072FA84F8867F930B4D447B0 /* Debug */ = {
			isa = XCBuildConfiguration;
			baseConfigurationReference = 639B72827CDD0D5E494F7236 /* App.xcconfig */;
			buildSettings = {
				ASSETCATALOG_COMPILER_APPICON_NAME = AppIcon;
				ASSETCATALOG_COMPILER_GLOBAL_ACCENT_COLOR_NAME = AccentColor;
				COMBINE_HIDPI_IMAGES = YES;
				LD_RUNPATH_SEARCH_PATHS = "$(inherited) @executable_path/../Frameworks";
				MACOSX_DEPLOYMENT_TARGET = 13.0;
				SDKROOT = macosx;
			};
			name = Debug;
		};
		1A1A3C542AA2D252C69B22B7 /* Debug */ = {
			isa = XCBuildConfiguration;
			baseConfigurationReference = E93EF75CA26DB098C081C353 /* Framework.xcconfig */;
			buildSettings = {
				COMBINE_HIDPI_IMAGES = YES;
				CURRENT_PROJECT_VERSION = 1;
				DEFINES_MODULE = YES;
				DYLIB_COMPATIBILITY_VERSION = 1;
				DYLIB_CURRENT_VERSION = 1;
				DYLIB_INSTALL_NAME_BASE = "@rpath";
				INSTALL_PATH = "$(LOCAL_LIBRARY_DIR)/Frameworks";
				LD_RUNPATH_SEARCH_PATHS = "$(inherited) @executable_path/../Frameworks @loader_path/Frameworks";
				MACOSX_DEPLOYMENT_TARGET = 13.0;
				PRODUCT_BUNDLE_IDENTIFIER = com.solocode.coderidemcpserver.framework;
				PRODUCT_MODULE_NAME = CoderIDEMCPServer;
				PRODUCT_NAME = CoderIDEMCPServer;
				SDKROOT = macosx;
				SKIP_INSTALL = YES;
				VERSIONING_SYSTEM = "apple-generic";
				VERSION_INFO_PREFIX = "";
			};
			name = Debug;
		};
		440FC17056043EF8370E4095 /* Debug */ = {
			isa = XCBuildConfiguration;
			baseConfigurationReference = B65354C3BA30FE21E6326558 /* Tests.xcconfig */;
			buildSettings = {
				MACOSX_DEPLOYMENT_TARGET = 13.0;
				PRODUCT_BUNDLE_IDENTIFIER = com.solocode.tests.app;
				SDKROOT = macosx;
				TEST_HOST = "$(BUILT_PRODUCTS_DIR)/Solo Code.app/Contents/MacOS/Solo Code";
			};
			name = Debug;
		};
		4E130E43E6F0818DA7F0F90A /* Release */ = {
			isa = XCBuildConfiguration;
			baseConfigurationReference = B65354C3BA30FE21E6326558 /* Tests.xcconfig */;
			buildSettings = {
				MACOSX_DEPLOYMENT_TARGET = 13.0;
				PRODUCT_BUNDLE_IDENTIFIER = com.solocode.tests.engine;
				SDKROOT = macosx;
			};
			name = Release;
		};
		64ABE6B3FA841D3793A3ED70 /* Debug */ = {
			isa = XCBuildConfiguration;
			baseConfigurationReference = B65354C3BA30FE21E6326558 /* Tests.xcconfig */;
			buildSettings = {
				MACOSX_DEPLOYMENT_TARGET = 13.0;
				PRODUCT_BUNDLE_IDENTIFIER = com.solocode.tests.engine;
				SDKROOT = macosx;
			};
			name = Debug;
		};
		6FA5C6BA2E007CC3CB8DE8A9 /* Release */ = {
			isa = XCBuildConfiguration;
			baseConfigurationReference = 5F660F7A9A19B4894C17A736 /* Tool.xcconfig */;
			buildSettings = {
				EXECUTABLE_NAME = "coderide-mcp-server";
				MACOSX_DEPLOYMENT_TARGET = 13.0;
				PRODUCT_BUNDLE_IDENTIFIER = com.solocode.coderidemcpserver;
				PRODUCT_MODULE_NAME = CoderIDEMCPServerExecutable;
				PRODUCT_NAME = "coderide-mcp-server";
				SDKROOT = macosx;
			};
			name = Release;
		};
		73991FD7D6D3B16E566206DF /* Release */ = {
			isa = XCBuildConfiguration;
			buildSettings = {
				ALWAYS_SEARCH_USER_PATHS = NO;
				CLANG_ANALYZER_NONNULL = YES;
				CLANG_ANALYZER_NUMBER_OBJECT_CONVERSION = YES_AGGRESSIVE;
				CLANG_CXX_LANGUAGE_STANDARD = "gnu++14";
				CLANG_CXX_LIBRARY = "libc++";
				CLANG_ENABLE_MODULES = YES;
				CLANG_ENABLE_OBJC_ARC = YES;
				CLANG_ENABLE_OBJC_WEAK = YES;
				CLANG_WARN_BLOCK_CAPTURE_AUTORELEASING = YES;
				CLANG_WARN_BOOL_CONVERSION = YES;
				CLANG_WARN_COMMA = YES;
				CLANG_WARN_CONSTANT_CONVERSION = YES;
				CLANG_WARN_DEPRECATED_OBJC_IMPLEMENTATIONS = YES;
				CLANG_WARN_DIRECT_OBJC_ISA_USAGE = YES_ERROR;
				CLANG_WARN_DOCUMENTATION_COMMENTS = YES;
				CLANG_WARN_EMPTY_BODY = YES;
				CLANG_WARN_ENUM_CONVERSION = YES;
				CLANG_WARN_INFINITE_RECURSION = YES;
				CLANG_WARN_INT_CONVERSION = YES;
				CLANG_WARN_NON_LITERAL_NULL_CONVERSION = YES;
				CLANG_WARN_OBJC_IMPLICIT_RETAIN_SELF = YES;
				CLANG_WARN_OBJC_LITERAL_CONVERSION = YES;
				CLANG_WARN_OBJC_ROOT_CLASS = YES_ERROR;
				CLANG_WARN_QUOTED_INCLUDE_IN_FRAMEWORK_HEADER = YES;
				CLANG_WARN_RANGE_LOOP_ANALYSIS = YES;
				CLANG_WARN_STRICT_PROTOTYPES = YES;
				CLANG_WARN_SUSPICIOUS_MOVE = YES;
				CLANG_WARN_UNGUARDED_AVAILABILITY = YES_AGGRESSIVE;
				CLANG_WARN_UNREACHABLE_CODE = YES;
				CLANG_WARN__DUPLICATE_METHOD_MATCH = YES;
				COPY_PHASE_STRIP = NO;
				DEBUG_INFORMATION_FORMAT = "dwarf-with-dsym";
				ENABLE_NS_ASSERTIONS = NO;
				ENABLE_STRICT_OBJC_MSGSEND = YES;
				GCC_C_LANGUAGE_STANDARD = gnu11;
				GCC_NO_COMMON_BLOCKS = YES;
				GCC_WARN_64_TO_32_BIT_CONVERSION = YES;
				GCC_WARN_ABOUT_RETURN_TYPE = YES_ERROR;
				GCC_WARN_UNDECLARED_SELECTOR = YES;
				GCC_WARN_UNINITIALIZED_AUTOS = YES_AGGRESSIVE;
				GCC_WARN_UNUSED_FUNCTION = YES;
				GCC_WARN_UNUSED_VARIABLE = YES;
				MTL_ENABLE_DEBUG_INFO = NO;
				MTL_FAST_MATH = YES;
				PRODUCT_NAME = "$(TARGET_NAME)";
				SWIFT_COMPILATION_MODE = wholemodule;
				SWIFT_OPTIMIZATION_LEVEL = "-O";
				SWIFT_STRICT_CONCURRENCY = minimal;
				SWIFT_VERSION = 5.0;
			};
			name = Release;
		};
		7AD5F783AB5625C9C86C5EC3 /* Release */ = {
			isa = XCBuildConfiguration;
			baseConfigurationReference = 639B72827CDD0D5E494F7236 /* App.xcconfig */;
			buildSettings = {
				ASSETCATALOG_COMPILER_APPICON_NAME = AppIcon;
				ASSETCATALOG_COMPILER_GLOBAL_ACCENT_COLOR_NAME = AccentColor;
				COMBINE_HIDPI_IMAGES = YES;
				LD_RUNPATH_SEARCH_PATHS = "$(inherited) @executable_path/../Frameworks";
				MACOSX_DEPLOYMENT_TARGET = 13.0;
				SDKROOT = macosx;
			};
			name = Release;
		};
		883B9F74F78A4725762096DF /* Release */ = {
			isa = XCBuildConfiguration;
			baseConfigurationReference = E93EF75CA26DB098C081C353 /* Framework.xcconfig */;
			buildSettings = {
				COMBINE_HIDPI_IMAGES = YES;
				CURRENT_PROJECT_VERSION = 1;
				DEFINES_MODULE = YES;
				DYLIB_COMPATIBILITY_VERSION = 1;
				DYLIB_CURRENT_VERSION = 1;
				DYLIB_INSTALL_NAME_BASE = "@rpath";
				INSTALL_PATH = "$(LOCAL_LIBRARY_DIR)/Frameworks";
				LD_RUNPATH_SEARCH_PATHS = "$(inherited) @executable_path/../Frameworks @loader_path/Frameworks";
				MACOSX_DEPLOYMENT_TARGET = 13.0;
				PRODUCT_BUNDLE_IDENTIFIER = com.solocode.coderidemcpserver.framework;
				PRODUCT_MODULE_NAME = CoderIDEMCPServer;
				PRODUCT_NAME = CoderIDEMCPServer;
				SDKROOT = macosx;
				SKIP_INSTALL = YES;
				VERSIONING_SYSTEM = "apple-generic";
				VERSION_INFO_PREFIX = "";
			};
			name = Release;
		};
		89F9C4AAA9BBEAE4180CB554 /* Debug */ = {
			isa = XCBuildConfiguration;
			baseConfigurationReference = 5F660F7A9A19B4894C17A736 /* Tool.xcconfig */;
			buildSettings = {
				EXECUTABLE_NAME = "coderide-mcp-server";
				MACOSX_DEPLOYMENT_TARGET = 13.0;
				PRODUCT_BUNDLE_IDENTIFIER = com.solocode.coderidemcpserver;
				PRODUCT_MODULE_NAME = CoderIDEMCPServerExecutable;
				PRODUCT_NAME = "coderide-mcp-server";
				SDKROOT = macosx;
			};
			name = Debug;
		};
		B1936DB7464FFBC4B38F9430 /* Debug */ = {
			isa = XCBuildConfiguration;
			baseConfigurationReference = B65354C3BA30FE21E6326558 /* Tests.xcconfig */;
			buildSettings = {
				MACOSX_DEPLOYMENT_TARGET = 13.0;
				PRODUCT_BUNDLE_IDENTIFIER = com.solocode.tests.integration;
				SDKROOT = macosx;
				TEST_HOST = "$(BUILT_PRODUCTS_DIR)/Solo Code.app/Contents/MacOS/Solo Code";
			};
			name = Debug;
		};
		B565D8E1612401B21F049795 /* Debug */ = {
			isa = XCBuildConfiguration;
			buildSettings = {
				ALWAYS_SEARCH_USER_PATHS = NO;
				CLANG_ANALYZER_NONNULL = YES;
				CLANG_ANALYZER_NUMBER_OBJECT_CONVERSION = YES_AGGRESSIVE;
				CLANG_CXX_LANGUAGE_STANDARD = "gnu++14";
				CLANG_CXX_LIBRARY = "libc++";
				CLANG_ENABLE_MODULES = YES;
				CLANG_ENABLE_OBJC_ARC = YES;
				CLANG_ENABLE_OBJC_WEAK = YES;
				CLANG_WARN_BLOCK_CAPTURE_AUTORELEASING = YES;
				CLANG_WARN_BOOL_CONVERSION = YES;
				CLANG_WARN_COMMA = YES;
				CLANG_WARN_CONSTANT_CONVERSION = YES;
				CLANG_WARN_DEPRECATED_OBJC_IMPLEMENTATIONS = YES;
				CLANG_WARN_DIRECT_OBJC_ISA_USAGE = YES_ERROR;
				CLANG_WARN_DOCUMENTATION_COMMENTS = YES;
				CLANG_WARN_EMPTY_BODY = YES;
				CLANG_WARN_ENUM_CONVERSION = YES;
				CLANG_WARN_INFINITE_RECURSION = YES;
				CLANG_WARN_INT_CONVERSION = YES;
				CLANG_WARN_NON_LITERAL_NULL_CONVERSION = YES;
				CLANG_WARN_OBJC_IMPLICIT_RETAIN_SELF = YES;
				CLANG_WARN_OBJC_LITERAL_CONVERSION = YES;
				CLANG_WARN_OBJC_ROOT_CLASS = YES_ERROR;
				CLANG_WARN_QUOTED_INCLUDE_IN_FRAMEWORK_HEADER = YES;
				CLANG_WARN_RANGE_LOOP_ANALYSIS = YES;
				CLANG_WARN_STRICT_PROTOTYPES = YES;
				CLANG_WARN_SUSPICIOUS_MOVE = YES;
				CLANG_WARN_UNGUARDED_AVAILABILITY = YES_AGGRESSIVE;
				CLANG_WARN_UNREACHABLE_CODE = YES;
				CLANG_WARN__DUPLICATE_METHOD_MATCH = YES;
				COPY_PHASE_STRIP = NO;
				DEBUG_INFORMATION_FORMAT = dwarf;
				ENABLE_STRICT_OBJC_MSGSEND = YES;
				ENABLE_TESTABILITY = YES;
				GCC_C_LANGUAGE_STANDARD = gnu11;
				GCC_DYNAMIC_NO_PIC = NO;
				GCC_NO_COMMON_BLOCKS = YES;
				GCC_OPTIMIZATION_LEVEL = 0;
				GCC_PREPROCESSOR_DEFINITIONS = (
					"DEBUG=1",
					"$(inherited)",
				);
				GCC_WARN_64_TO_32_BIT_CONVERSION = YES;
				GCC_WARN_ABOUT_RETURN_TYPE = YES_ERROR;
				GCC_WARN_UNDECLARED_SELECTOR = YES;
				GCC_WARN_UNINITIALIZED_AUTOS = YES_AGGRESSIVE;
				GCC_WARN_UNUSED_FUNCTION = YES;
				GCC_WARN_UNUSED_VARIABLE = YES;
				MTL_ENABLE_DEBUG_INFO = INCLUDE_SOURCE;
				MTL_FAST_MATH = YES;
				ONLY_ACTIVE_ARCH = YES;
				PRODUCT_NAME = "$(TARGET_NAME)";
				SWIFT_ACTIVE_COMPILATION_CONDITIONS = DEBUG;
				SWIFT_OPTIMIZATION_LEVEL = "-Onone";
				SWIFT_STRICT_CONCURRENCY = minimal;
				SWIFT_VERSION = 5.0;
			};
			name = Debug;
		};
		CD14F8D9A12A2ABB48181989 /* Release */ = {
			isa = XCBuildConfiguration;
			baseConfigurationReference = B65354C3BA30FE21E6326558 /* Tests.xcconfig */;
			buildSettings = {
				MACOSX_DEPLOYMENT_TARGET = 13.0;
				PRODUCT_BUNDLE_IDENTIFIER = com.solocode.tests.integration;
				SDKROOT = macosx;
				TEST_HOST = "$(BUILT_PRODUCTS_DIR)/Solo Code.app/Contents/MacOS/Solo Code";
			};
			name = Release;
		};
		D046B2BBEFBC116E17D09613 /* Debug */ = {
			isa = XCBuildConfiguration;
			baseConfigurationReference = E93EF75CA26DB098C081C353 /* Framework.xcconfig */;
			buildSettings = {
				COMBINE_HIDPI_IMAGES = YES;
				CURRENT_PROJECT_VERSION = 1;
				DEFINES_MODULE = YES;
				DYLIB_COMPATIBILITY_VERSION = 1;
				DYLIB_CURRENT_VERSION = 1;
				DYLIB_INSTALL_NAME_BASE = "@rpath";
				INSTALL_PATH = "$(LOCAL_LIBRARY_DIR)/Frameworks";
				LD_RUNPATH_SEARCH_PATHS = "$(inherited) @executable_path/../Frameworks @loader_path/Frameworks";
				MACOSX_DEPLOYMENT_TARGET = 13.0;
				PRODUCT_NAME = "$(TARGET_NAME:c99extidentifier)";
				SDKROOT = macosx;
				SKIP_INSTALL = YES;
				VERSIONING_SYSTEM = "apple-generic";
				VERSION_INFO_PREFIX = "";
			};
			name = Debug;
		};
		DF1E5744E6A55B81515ABCBA /* Release */ = {
			isa = XCBuildConfiguration;
			baseConfigurationReference = E93EF75CA26DB098C081C353 /* Framework.xcconfig */;
			buildSettings = {
				COMBINE_HIDPI_IMAGES = YES;
				CURRENT_PROJECT_VERSION = 1;
				DEFINES_MODULE = YES;
				DYLIB_COMPATIBILITY_VERSION = 1;
				DYLIB_CURRENT_VERSION = 1;
				DYLIB_INSTALL_NAME_BASE = "@rpath";
				INSTALL_PATH = "$(LOCAL_LIBRARY_DIR)/Frameworks";
				LD_RUNPATH_SEARCH_PATHS = "$(inherited) @executable_path/../Frameworks @loader_path/Frameworks";
				MACOSX_DEPLOYMENT_TARGET = 13.0;
				PRODUCT_NAME = "$(TARGET_NAME:c99extidentifier)";
				SDKROOT = macosx;
				SKIP_INSTALL = YES;
				VERSIONING_SYSTEM = "apple-generic";
				VERSION_INFO_PREFIX = "";
			};
			name = Release;
		};
		E7C35CA4BFCE67C0137EFA47 /* Release */ = {
			isa = XCBuildConfiguration;
			baseConfigurationReference = B65354C3BA30FE21E6326558 /* Tests.xcconfig */;
			buildSettings = {
				MACOSX_DEPLOYMENT_TARGET = 13.0;
				PRODUCT_BUNDLE_IDENTIFIER = com.solocode.tests.app;
				SDKROOT = macosx;
				TEST_HOST = "$(BUILT_PRODUCTS_DIR)/Solo Code.app/Contents/MacOS/Solo Code";
			};
			name = Release;
		};
/* End XCBuildConfiguration section */

/* Begin XCConfigurationList section */
		469A6365E8CE766E136A0348 /* Build configuration list for PBXNativeTarget "SoloCodeAppTests" */ = {
			isa = XCConfigurationList;
			buildConfigurations = (
				E7C35CA4BFCE67C0137EFA47 /* Release */,
				440FC17056043EF8370E4095 /* Debug */,
			);
			defaultConfigurationIsVisible = 0;
			defaultConfigurationName = Release;
		};
		53FF519E0E31741F039F9E5D /* Build configuration list for PBXNativeTarget "CoderIDEMCPServerExecutable" */ = {
			isa = XCConfigurationList;
			buildConfigurations = (
				6FA5C6BA2E007CC3CB8DE8A9 /* Release */,
				89F9C4AAA9BBEAE4180CB554 /* Debug */,
			);
			defaultConfigurationIsVisible = 0;
			defaultConfigurationName = Release;
		};
		786EFFDB9A7AA4BFB549825F /* Build configuration list for PBXProject "Solo Code" */ = {
			isa = XCConfigurationList;
			buildConfigurations = (
				B565D8E1612401B21F049795 /* Debug */,
				73991FD7D6D3B16E566206DF /* Release */,
			);
			defaultConfigurationIsVisible = 0;
			defaultConfigurationName = Release;
		};
		900D603A8F4E892DEA129657 /* Build configuration list for PBXNativeTarget "Solo Code" */ = {
			isa = XCConfigurationList;
			buildConfigurations = (
				7AD5F783AB5625C9C86C5EC3 /* Release */,
				072FA84F8867F930B4D447B0 /* Debug */,
			);
			defaultConfigurationIsVisible = 0;
			defaultConfigurationName = Release;
		};
		C8A5E055FFC149687F7DD152 /* Build configuration list for PBXNativeTarget "SoloCodeIntegrationTests" */ = {
			isa = XCConfigurationList;
			buildConfigurations = (
				CD14F8D9A12A2ABB48181989 /* Release */,
				B1936DB7464FFBC4B38F9430 /* Debug */,
			);
			defaultConfigurationIsVisible = 0;
			defaultConfigurationName = Release;
		};
		D3C08571AF210D87B97B40E0 /* Build configuration list for PBXNativeTarget "CoderIDEMCPServer" */ = {
			isa = XCConfigurationList;
			buildConfigurations = (
				883B9F74F78A4725762096DF /* Release */,
				1A1A3C542AA2D252C69B22B7 /* Debug */,
			);
			defaultConfigurationIsVisible = 0;
			defaultConfigurationName = Release;
		};
		D54CB7956FCF726B574E79E2 /* Build configuration list for PBXNativeTarget "CoderEngine" */ = {
			isa = XCConfigurationList;
			buildConfigurations = (
				DF1E5744E6A55B81515ABCBA /* Release */,
				D046B2BBEFBC116E17D09613 /* Debug */,
			);
			defaultConfigurationIsVisible = 0;
			defaultConfigurationName = Release;
		};
		EFABE923F3AF33F00091511B /* Build configuration list for PBXNativeTarget "CoderEngineTests" */ = {
			isa = XCConfigurationList;
			buildConfigurations = (
				4E130E43E6F0818DA7F0F90A /* Release */,
				64ABE6B3FA841D3793A3ED70 /* Debug */,
			);
			defaultConfigurationIsVisible = 0;
			defaultConfigurationName = Release;
		};
/* End XCConfigurationList section */

/* Begin XCLocalSwiftPackageReference section */
		1F3C767BE4CB189CF6DF6BF3 /* XCLocalSwiftPackageReference "mcp-swift-sdk" */ = {
			isa = XCLocalSwiftPackageReference;
			relativePath = "Packages/mcp-swift-sdk";
		};
/* End XCLocalSwiftPackageReference section */

/* Begin XCRemoteSwiftPackageReference section */
		765C971BC9BFE5AD33115893 /* XCRemoteSwiftPackageReference "swift-log" */ = {
			isa = XCRemoteSwiftPackageReference;
			repositoryURL = "https://github.com/apple/swift-log.git";
			requirement = {
				kind = upToNextMajorVersion;
				minimumVersion = 1.10.1;
			};
		};
		BA4BA653C64054C5EE25DA03 /* XCRemoteSwiftPackageReference "SwiftTerm" */ = {
			isa = XCRemoteSwiftPackageReference;
			repositoryURL = "https://github.com/migueldeicaza/SwiftTerm.git";
			requirement = {
				kind = upToNextMajorVersion;
				minimumVersion = 1.2.0;
			};
		};
/* End XCRemoteSwiftPackageReference section */

/* Begin XCSwiftPackageProductDependency section */
		04D8506A2D04E3DBA93CE8D5 /* Logging */ = {
			isa = XCSwiftPackageProductDependency;
			package = 765C971BC9BFE5AD33115893 /* XCRemoteSwiftPackageReference "swift-log" */;
			productName = Logging;
		};
		5466A1DE6ECFE4B6FAC6CF16 /* MCP */ = {
			isa = XCSwiftPackageProductDependency;
			package = 1F3C767BE4CB189CF6DF6BF3 /* XCLocalSwiftPackageReference "mcp-swift-sdk" */;
			productName = MCP;
		};
		64554696CD6DC6500BB5AD9E /* MCP */ = {
			isa = XCSwiftPackageProductDependency;
			package = 1F3C767BE4CB189CF6DF6BF3 /* XCLocalSwiftPackageReference "mcp-swift-sdk" */;
			productName = MCP;
		};
		6B96872E0F1EDFDA52105396 /* MCP */ = {
			isa = XCSwiftPackageProductDependency;
			package = 1F3C767BE4CB189CF6DF6BF3 /* XCLocalSwiftPackageReference "mcp-swift-sdk" */;
			productName = MCP;
		};
		88D4D622E7ABB701B136EFF5 /* MCP */ = {
			isa = XCSwiftPackageProductDependency;
			package = 1F3C767BE4CB189CF6DF6BF3 /* XCLocalSwiftPackageReference "mcp-swift-sdk" */;
			productName = MCP;
		};
		8A5064AA47230D088C3836E8 /* SwiftTerm */ = {
			isa = XCSwiftPackageProductDependency;
			package = BA4BA653C64054C5EE25DA03 /* XCRemoteSwiftPackageReference "SwiftTerm" */;
			productName = SwiftTerm;
		};
/* End XCSwiftPackageProductDependency section */
	};
	rootObject = 689B5E59D1FF71D289DA51BB /* Project object */;
}
